
Microsoft Visual Studio Solution File, Format Version 12.00
# Visual Studio 15
VisualStudioVersion = 15.0.26403.7
MinimumVisualStudioVersion = 10.0.40219.1
Project("{9A19103F-16F7-4668-BE54-9A1E7A4F7556}") = "NGeoHash", "NGeoHash\NGeoHash.csproj", "{EF4DB175-3B80-49BB-AC0B-3DFD65312F7E}"
EndProject
Project("{FAE04EC0-301F-11D3-BF4B-00C04F79EFBC}") = "NGeoHash.Tests.Unit", "NGeoHash.Tests.Unit\NGeoHash.Tests.Unit.csproj", "{26492204-BB91-419A-ADE4-88AE04B37C98}"
EndProject
Global
	GlobalSection(SolutionConfigurationPlatforms) = preSolution
		Debug|Any CPU = Debug|Any CPU
		Release|Any CPU = Release|Any CPU
	EndGlobalSection
	GlobalSection(ProjectConfigurationPlatforms) = postSolution
		{EF4DB175-3B80-49BB-AC0B-3DFD65312F7E}.Debug|Any CPU.ActiveCfg = Debug|Any CPU
		{EF4DB175-3B80-49BB-AC0B-3DFD65312F7E}.Debug|Any CPU.Build.0 = Debug|Any CPU
		{EF4DB175-3B80-49BB-AC0B-3DFD65312F7E}.Release|Any CPU.ActiveCfg = Release|Any CPU
		{EF4DB175-3B80-49BB-AC0B-3DFD65312F7E}.Release|Any CPU.Build.0 = Release|Any CPU
		{26492204-BB91-419A-ADE4-88AE04B37C98}.Debug|Any CPU.ActiveCfg = Debug|Any CPU
		{26492204-BB91-419A-ADE4-88AE04B37C98}.Debug|Any CPU.Build.0 = Debug|Any CPU
		{26492204-BB91-419A-ADE4-88AE04B37C98}.Release|Any CPU.ActiveCfg = Release|Any CPU
		{26492204-BB91-419A-ADE4-88AE04B37C98}.Release|Any CPU.Build.0 = Release|Any CPU
	EndGlobalSection
	GlobalSection(SolutionProperties) = preSolution
		HideSolutionNode = FALSE
	EndGlobalSection
	GlobalSection(ExtensibilityGlobals) = postSolution
		SolutionGuid = {371F7ACA-F23E-4DFE-AAAF-8ABAFF5055E7}
	EndGlobalSection
EndGlobal
